
Microsoft Visual Studio Solution File, Format Version 12.00
# Visual Studio 14
VisualStudioVersion = 14.0.25420.1
MinimumVisualStudioVersion = 10.0.40219.1
Project("{FAE04EC0-301F-11D3-BF4B-00C04F79EFBC}") = "SimpleFactory", "SimpleFactory\SimpleFactory.csproj", "{72841E0B-9018-4CD4-BA7E-030AB0AB167B}"
EndProject
Project("{FAE04EC0-301F-11D3-BF4B-00C04F79EFBC}") = "StrategyModel", "StrategyModel\StrategyModel.csproj", "{2998A301-CA0B-4501-A8B5-29C87953D198}"
EndProject
Global
	GlobalSection(SolutionConfigurationPlatforms) = preSolution
		Debug|Any CPU = Debug|Any CPU
		Release|Any CPU = Release|Any CPU
	EndGlobalSection
	GlobalSection(ProjectConfigurationPlatforms) = postSolution
		{72841E0B-9018-4CD4-BA7E-030AB0AB167B}.Debug|Any CPU.ActiveCfg = Debug|Any CPU
		{72841E0B-9018-4CD4-BA7E-030AB0AB167B}.Debug|Any CPU.Build.0 = Debug|Any CPU
		{72841E0B-9018-4CD4-BA7E-030AB0AB167B}.Release|Any CPU.ActiveCfg = Release|Any CPU
		{72841E0B-9018-4CD4-BA7E-030AB0AB167B}.Release|Any CPU.Build.0 = Release|Any CPU
		{2998A301-CA0B-4501-A8B5-29C87953D198}.Debug|Any CPU.ActiveCfg = Debug|Any CPU
		{2998A301-CA0B-4501-A8B5-29C87953D198}.Debug|Any CPU.Build.0 = Debug|Any CPU
		{2998A301-CA0B-4501-A8B5-29C87953D198}.Release|Any CPU.ActiveCfg = Release|Any CPU
		{2998A301-CA0B-4501-A8B5-29C87953D198}.Release|Any CPU.Build.0 = Release|Any CPU
	EndGlobalSection
	GlobalSection(SolutionProperties) = preSolution
		HideSolutionNode = FALSE
	EndGlobalSection
EndGlobal
