
Microsoft Visual Studio Solution File, Format Version 12.00
# Visual Studio 14
VisualStudioVersion = 14.0.25420.1
MinimumVisualStudioVersion = 10.0.40219.1
Project("{FAE04EC0-301F-11D3-BF4B-00C04F79EFBC}") = "SimpleFactory", "SimpleFactory\SimpleFactory.csproj", "{72841E0B-9018-4CD4-BA7E-030AB0AB167B}"
EndProject
Project("{FAE04EC0-301F-11D3-BF4B-00C04F79EFBC}") = "StrategyModel", "StrategyModel\StrategyModel.csproj", "{2998A301-CA0B-4501-A8B5-29C87953D198}"
EndProject
Project("{FAE04EC0-301F-11D3-BF4B-00C04F79EFBC}") = "DecorationModel", "DecorationModel\DecorationModel.csproj", "{343B7276-97C8-469B-A781-578263CACC76}"
EndProject
Project("{FAE04EC0-301F-11D3-BF4B-00C04F79EFBC}") = "ProxyModel", "ProxyModel\ProxyModel.csproj", "{C15D6039-D2D6-41D5-BE06-5A786A326E69}"
EndProject
Project("{FAE04EC0-301F-11D3-BF4B-00C04F79EFBC}") = "FactoryMethod", "FactoryMethod\FactoryMethod.csproj", "{2DECD416-8E84-405E-BCED-1F507BF84784}"
EndProject
Project("{FAE04EC0-301F-11D3-BF4B-00C04F79EFBC}") = "PrototypeModel", "PrototypeModel\PrototypeModel.csproj", "{3777A5B1-CDBF-4ACF-BE35-B5C9935D735B}"
EndProject
Project("{FAE04EC0-301F-11D3-BF4B-00C04F79EFBC}") = "TemplateMethod", "TemplateMethod\TemplateMethod.csproj", "{35A7A370-0373-4A29-9357-EB33A1408B75}"
EndProject
Project("{FAE04EC0-301F-11D3-BF4B-00C04F79EFBC}") = "AppearanceModel", "AppearanceModel\AppearanceModel.csproj", "{D196CB7B-F70C-4A06-A4E1-E60EB76153ED}"
EndProject
Project("{FAE04EC0-301F-11D3-BF4B-00C04F79EFBC}") = "BuilderModel", "BuilderModel\BuilderModel.csproj", "{9064AD86-5A47-4952-8C67-D80B0DC7A5BE}"
EndProject
Project("{FAE04EC0-301F-11D3-BF4B-00C04F79EFBC}") = "StatusModel", "StatusModel\StatusModel.csproj", "{55BF0527-AF01-408E-9A28-675694F21119}"
EndProject
Project("{FAE04EC0-301F-11D3-BF4B-00C04F79EFBC}") = "AdapterModel", "AdapterModel\AdapterModel.csproj", "{57AB1C95-4797-4019-AFE3-58F7ECAD3DDF}"
EndProject
Project("{FAE04EC0-301F-11D3-BF4B-00C04F79EFBC}") = "MemorandumModel", "MemorandumModel\MemorandumModel.csproj", "{AE236871-3B31-403E-9788-3643CF0C4E75}"
EndProject
Project("{FAE04EC0-301F-11D3-BF4B-00C04F79EFBC}") = "Singleton", "Singleton\Singleton.csproj", "{F4AA7526-2821-4430-A77D-8053F9908190}"
EndProject
Project("{FAE04EC0-301F-11D3-BF4B-00C04F79EFBC}") = "BridgingModel", "BridgingModel\BridgingModel.csproj", "{724F2E1C-E6A4-4EAF-982C-F32D3B423305}"
EndProject
Project("{FAE04EC0-301F-11D3-BF4B-00C04F79EFBC}") = "AgencyModel", "AgencyModel\AgencyModel.csproj", "{70351B8E-7075-43A0-AA31-26F6D72EA9BC}"
EndProject
Global
	GlobalSection(SolutionConfigurationPlatforms) = preSolution
		Debug|Any CPU = Debug|Any CPU
		Release|Any CPU = Release|Any CPU
	EndGlobalSection
	GlobalSection(ProjectConfigurationPlatforms) = postSolution
		{72841E0B-9018-4CD4-BA7E-030AB0AB167B}.Debug|Any CPU.ActiveCfg = Debug|Any CPU
		{72841E0B-9018-4CD4-BA7E-030AB0AB167B}.Debug|Any CPU.Build.0 = Debug|Any CPU
		{72841E0B-9018-4CD4-BA7E-030AB0AB167B}.Release|Any CPU.ActiveCfg = Release|Any CPU
		{72841E0B-9018-4CD4-BA7E-030AB0AB167B}.Release|Any CPU.Build.0 = Release|Any CPU
		{2998A301-CA0B-4501-A8B5-29C87953D198}.Debug|Any CPU.ActiveCfg = Debug|Any CPU
		{2998A301-CA0B-4501-A8B5-29C87953D198}.Debug|Any CPU.Build.0 = Debug|Any CPU
		{2998A301-CA0B-4501-A8B5-29C87953D198}.Release|Any CPU.ActiveCfg = Release|Any CPU
		{2998A301-CA0B-4501-A8B5-29C87953D198}.Release|Any CPU.Build.0 = Release|Any CPU
		{343B7276-97C8-469B-A781-578263CACC76}.Debug|Any CPU.ActiveCfg = Debug|Any CPU
		{343B7276-97C8-469B-A781-578263CACC76}.Debug|Any CPU.Build.0 = Debug|Any CPU
		{343B7276-97C8-469B-A781-578263CACC76}.Release|Any CPU.ActiveCfg = Release|Any CPU
		{343B7276-97C8-469B-A781-578263CACC76}.Release|Any CPU.Build.0 = Release|Any CPU
		{C15D6039-D2D6-41D5-BE06-5A786A326E69}.Debug|Any CPU.ActiveCfg = Debug|Any CPU
		{C15D6039-D2D6-41D5-BE06-5A786A326E69}.Debug|Any CPU.Build.0 = Debug|Any CPU
		{C15D6039-D2D6-41D5-BE06-5A786A326E69}.Release|Any CPU.ActiveCfg = Release|Any CPU
		{C15D6039-D2D6-41D5-BE06-5A786A326E69}.Release|Any CPU.Build.0 = Release|Any CPU
		{2DECD416-8E84-405E-BCED-1F507BF84784}.Debug|Any CPU.ActiveCfg = Debug|Any CPU
		{2DECD416-8E84-405E-BCED-1F507BF84784}.Debug|Any CPU.Build.0 = Debug|Any CPU
		{2DECD416-8E84-405E-BCED-1F507BF84784}.Release|Any CPU.ActiveCfg = Release|Any CPU
		{2DECD416-8E84-405E-BCED-1F507BF84784}.Release|Any CPU.Build.0 = Release|Any CPU
		{3777A5B1-CDBF-4ACF-BE35-B5C9935D735B}.Debug|Any CPU.ActiveCfg = Debug|Any CPU
		{3777A5B1-CDBF-4ACF-BE35-B5C9935D735B}.Debug|Any CPU.Build.0 = Debug|Any CPU
		{3777A5B1-CDBF-4ACF-BE35-B5C9935D735B}.Release|Any CPU.ActiveCfg = Release|Any CPU
		{3777A5B1-CDBF-4ACF-BE35-B5C9935D735B}.Release|Any CPU.Build.0 = Release|Any CPU
		{35A7A370-0373-4A29-9357-EB33A1408B75}.Debug|Any CPU.ActiveCfg = Debug|Any CPU
		{35A7A370-0373-4A29-9357-EB33A1408B75}.Debug|Any CPU.Build.0 = Debug|Any CPU
		{35A7A370-0373-4A29-9357-EB33A1408B75}.Release|Any CPU.ActiveCfg = Release|Any CPU
		{35A7A370-0373-4A29-9357-EB33A1408B75}.Release|Any CPU.Build.0 = Release|Any CPU
		{D196CB7B-F70C-4A06-A4E1-E60EB76153ED}.Debug|Any CPU.ActiveCfg = Debug|Any CPU
		{D196CB7B-F70C-4A06-A4E1-E60EB76153ED}.Debug|Any CPU.Build.0 = Debug|Any CPU
		{D196CB7B-F70C-4A06-A4E1-E60EB76153ED}.Release|Any CPU.ActiveCfg = Release|Any CPU
		{D196CB7B-F70C-4A06-A4E1-E60EB76153ED}.Release|Any CPU.Build.0 = Release|Any CPU
		{9064AD86-5A47-4952-8C67-D80B0DC7A5BE}.Debug|Any CPU.ActiveCfg = Debug|Any CPU
		{9064AD86-5A47-4952-8C67-D80B0DC7A5BE}.Debug|Any CPU.Build.0 = Debug|Any CPU
		{9064AD86-5A47-4952-8C67-D80B0DC7A5BE}.Release|Any CPU.ActiveCfg = Release|Any CPU
		{9064AD86-5A47-4952-8C67-D80B0DC7A5BE}.Release|Any CPU.Build.0 = Release|Any CPU
		{55BF0527-AF01-408E-9A28-675694F21119}.Debug|Any CPU.ActiveCfg = Debug|Any CPU
		{55BF0527-AF01-408E-9A28-675694F21119}.Debug|Any CPU.Build.0 = Debug|Any CPU
		{55BF0527-AF01-408E-9A28-675694F21119}.Release|Any CPU.ActiveCfg = Release|Any CPU
		{55BF0527-AF01-408E-9A28-675694F21119}.Release|Any CPU.Build.0 = Release|Any CPU
		{57AB1C95-4797-4019-AFE3-58F7ECAD3DDF}.Debug|Any CPU.ActiveCfg = Debug|Any CPU
		{57AB1C95-4797-4019-AFE3-58F7ECAD3DDF}.Debug|Any CPU.Build.0 = Debug|Any CPU
		{57AB1C95-4797-4019-AFE3-58F7ECAD3DDF}.Release|Any CPU.ActiveCfg = Release|Any CPU
		{57AB1C95-4797-4019-AFE3-58F7ECAD3DDF}.Release|Any CPU.Build.0 = Release|Any CPU
		{AE236871-3B31-403E-9788-3643CF0C4E75}.Debug|Any CPU.ActiveCfg = Debug|Any CPU
		{AE236871-3B31-403E-9788-3643CF0C4E75}.Debug|Any CPU.Build.0 = Debug|Any CPU
		{AE236871-3B31-403E-9788-3643CF0C4E75}.Release|Any CPU.ActiveCfg = Release|Any CPU
		{AE236871-3B31-403E-9788-3643CF0C4E75}.Release|Any CPU.Build.0 = Release|Any CPU
		{F4AA7526-2821-4430-A77D-8053F9908190}.Debug|Any CPU.ActiveCfg = Debug|Any CPU
		{F4AA7526-2821-4430-A77D-8053F9908190}.Debug|Any CPU.Build.0 = Debug|Any CPU
		{F4AA7526-2821-4430-A77D-8053F9908190}.Release|Any CPU.ActiveCfg = Release|Any CPU
		{F4AA7526-2821-4430-A77D-8053F9908190}.Release|Any CPU.Build.0 = Release|Any CPU
		{724F2E1C-E6A4-4EAF-982C-F32D3B423305}.Debug|Any CPU.ActiveCfg = Debug|Any CPU
		{724F2E1C-E6A4-4EAF-982C-F32D3B423305}.Debug|Any CPU.Build.0 = Debug|Any CPU
		{724F2E1C-E6A4-4EAF-982C-F32D3B423305}.Release|Any CPU.ActiveCfg = Release|Any CPU
		{724F2E1C-E6A4-4EAF-982C-F32D3B423305}.Release|Any CPU.Build.0 = Release|Any CPU
		{70351B8E-7075-43A0-AA31-26F6D72EA9BC}.Debug|Any CPU.ActiveCfg = Debug|Any CPU
		{70351B8E-7075-43A0-AA31-26F6D72EA9BC}.Debug|Any CPU.Build.0 = Debug|Any CPU
		{70351B8E-7075-43A0-AA31-26F6D72EA9BC}.Release|Any CPU.ActiveCfg = Release|Any CPU
		{70351B8E-7075-43A0-AA31-26F6D72EA9BC}.Release|Any CPU.Build.0 = Release|Any CPU
	EndGlobalSection
	GlobalSection(SolutionProperties) = preSolution
		HideSolutionNode = FALSE
	EndGlobalSection
EndGlobal
